
Microsoft Visual Studio Solution File, Format Version 12.00
# Visual Studio Version 16
VisualStudioVersion = 16.0.29509.3
MinimumVisualStudioVersion = 10.0.40219.1
Project("{8BC9CEB8-8B4A-11D0-8D11-00A0C91BC942}") = "Project1", "Project1.vcxproj", "{CA0D4D53-DB72-404A-8DFB-A7D744D897DD}"
EndProject
Project("{8BC9CEB8-8B4A-11D0-8D11-00A0C91BC942}") = "strStr", "..\threeSumClosest\threeSumClosest.vcxproj", "{2B2D4945-C1FE-47E9-87FC-4E5ACED271F2}"
EndProject
Project("{8BC9CEB8-8B4A-11D0-8D11-00A0C91BC942}") = "kuohao", "..\kuohao\kuohao.vcxproj", "{9904FB22-6EA5-4684-8700-B39A66C4B3EA}"
EndProject
Project("{8BC9CEB8-8B4A-11D0-8D11-00A0C91BC942}") = "53", "..\38\38.vcxproj", "{B8E34EEA-49F8-4CFB-BCC7-7ABA9C6927BA}"
EndProject
Project("{8BC9CEB8-8B4A-11D0-8D11-00A0C91BC942}") = "QQ", "..\QQ\QQ.vcxproj", "{BD3C9421-3788-4906-9F25-E08AB7E7B884}"
EndProject
Project("{8BC9CEB8-8B4A-11D0-8D11-00A0C91BC942}") = "58", "..\countAndSay\countAndSay.vcxproj", "{3825745F-6980-40F4-9733-4D8200E8AC82}"
EndProject
Project("{8BC9CEB8-8B4A-11D0-8D11-00A0C91BC942}") = "66", "..\66\66.vcxproj", "{3BF19A3B-4343-49BC-A7AD-F15FD8EFFA24}"
EndProject
Project("{8BC9CEB8-8B4A-11D0-8D11-00A0C91BC942}") = "69", "..\67\67.vcxproj", "{E8253FD0-5773-416F-8252-77A46C32AC62}"
EndProject
Project("{8BC9CEB8-8B4A-11D0-8D11-00A0C91BC942}") = "70", "..\70\70.vcxproj", "{5578DD17-4ADB-4135-8EE0-6C55B78AE990}"
EndProject
Project("{8BC9CEB8-8B4A-11D0-8D11-00A0C91BC942}") = "83", "..\83\83.vcxproj", "{AF895F2F-9113-42BB-A176-F41C7DFB763A}"
EndProject
Project("{8BC9CEB8-8B4A-11D0-8D11-00A0C91BC942}") = "88", "..\88\88.vcxproj", "{1C72EAD4-672C-4688-BD45-97929AEDBBB7}"
EndProject
Global
	GlobalSection(SolutionConfigurationPlatforms) = preSolution
		Debug|x64 = Debug|x64
		Debug|x86 = Debug|x86
		Release|x64 = Release|x64
		Release|x86 = Release|x86
	EndGlobalSection
	GlobalSection(ProjectConfigurationPlatforms) = postSolution
		{CA0D4D53-DB72-404A-8DFB-A7D744D897DD}.Debug|x64.ActiveCfg = Debug|x64
		{CA0D4D53-DB72-404A-8DFB-A7D744D897DD}.Debug|x64.Build.0 = Debug|x64
		{CA0D4D53-DB72-404A-8DFB-A7D744D897DD}.Debug|x86.ActiveCfg = Debug|Win32
		{CA0D4D53-DB72-404A-8DFB-A7D744D897DD}.Debug|x86.Build.0 = Debug|Win32
		{CA0D4D53-DB72-404A-8DFB-A7D744D897DD}.Release|x64.ActiveCfg = Release|x64
		{CA0D4D53-DB72-404A-8DFB-A7D744D897DD}.Release|x64.Build.0 = Release|x64
		{CA0D4D53-DB72-404A-8DFB-A7D744D897DD}.Release|x86.ActiveCfg = Release|Win32
		{CA0D4D53-DB72-404A-8DFB-A7D744D897DD}.Release|x86.Build.0 = Release|Win32
		{2B2D4945-C1FE-47E9-87FC-4E5ACED271F2}.Debug|x64.ActiveCfg = Debug|x64
		{2B2D4945-C1FE-47E9-87FC-4E5ACED271F2}.Debug|x64.Build.0 = Debug|x64
		{2B2D4945-C1FE-47E9-87FC-4E5ACED271F2}.Debug|x86.ActiveCfg = Debug|Win32
		{2B2D4945-C1FE-47E9-87FC-4E5ACED271F2}.Debug|x86.Build.0 = Debug|Win32
		{2B2D4945-C1FE-47E9-87FC-4E5ACED271F2}.Release|x64.ActiveCfg = Release|x64
		{2B2D4945-C1FE-47E9-87FC-4E5ACED271F2}.Release|x64.Build.0 = Release|x64
		{2B2D4945-C1FE-47E9-87FC-4E5ACED271F2}.Release|x86.ActiveCfg = Release|Win32
		{2B2D4945-C1FE-47E9-87FC-4E5ACED271F2}.Release|x86.Build.0 = Release|Win32
		{9904FB22-6EA5-4684-8700-B39A66C4B3EA}.Debug|x64.ActiveCfg = Debug|x64
		{9904FB22-6EA5-4684-8700-B39A66C4B3EA}.Debug|x64.Build.0 = Debug|x64
		{9904FB22-6EA5-4684-8700-B39A66C4B3EA}.Debug|x86.ActiveCfg = Debug|Win32
		{9904FB22-6EA5-4684-8700-B39A66C4B3EA}.Debug|x86.Build.0 = Debug|Win32
		{9904FB22-6EA5-4684-8700-B39A66C4B3EA}.Release|x64.ActiveCfg = Release|x64
		{9904FB22-6EA5-4684-8700-B39A66C4B3EA}.Release|x64.Build.0 = Release|x64
		{9904FB22-6EA5-4684-8700-B39A66C4B3EA}.Release|x86.ActiveCfg = Release|Win32
		{9904FB22-6EA5-4684-8700-B39A66C4B3EA}.Release|x86.Build.0 = Release|Win32
		{B8E34EEA-49F8-4CFB-BCC7-7ABA9C6927BA}.Debug|x64.ActiveCfg = Debug|x64
		{B8E34EEA-49F8-4CFB-BCC7-7ABA9C6927BA}.Debug|x64.Build.0 = Debug|x64
		{B8E34EEA-49F8-4CFB-BCC7-7ABA9C6927BA}.Debug|x86.ActiveCfg = Debug|Win32
		{B8E34EEA-49F8-4CFB-BCC7-7ABA9C6927BA}.Debug|x86.Build.0 = Debug|Win32
		{B8E34EEA-49F8-4CFB-BCC7-7ABA9C6927BA}.Release|x64.ActiveCfg = Release|x64
		{B8E34EEA-49F8-4CFB-BCC7-7ABA9C6927BA}.Release|x64.Build.0 = Release|x64
		{B8E34EEA-49F8-4CFB-BCC7-7ABA9C6927BA}.Release|x86.ActiveCfg = Release|Win32
		{B8E34EEA-49F8-4CFB-BCC7-7ABA9C6927BA}.Release|x86.Build.0 = Release|Win32
		{BD3C9421-3788-4906-9F25-E08AB7E7B884}.Debug|x64.ActiveCfg = Debug|x64
		{BD3C9421-3788-4906-9F25-E08AB7E7B884}.Debug|x64.Build.0 = Debug|x64
		{BD3C9421-3788-4906-9F25-E08AB7E7B884}.Debug|x86.ActiveCfg = Debug|Win32
		{BD3C9421-3788-4906-9F25-E08AB7E7B884}.Debug|x86.Build.0 = Debug|Win32
		{BD3C9421-3788-4906-9F25-E08AB7E7B884}.Release|x64.ActiveCfg = Release|x64
		{BD3C9421-3788-4906-9F25-E08AB7E7B884}.Release|x64.Build.0 = Release|x64
		{BD3C9421-3788-4906-9F25-E08AB7E7B884}.Release|x86.ActiveCfg = Release|Win32
		{BD3C9421-3788-4906-9F25-E08AB7E7B884}.Release|x86.Build.0 = Release|Win32
		{3825745F-6980-40F4-9733-4D8200E8AC82}.Debug|x64.ActiveCfg = Debug|x64
		{3825745F-6980-40F4-9733-4D8200E8AC82}.Debug|x64.Build.0 = Debug|x64
		{3825745F-6980-40F4-9733-4D8200E8AC82}.Debug|x86.ActiveCfg = Debug|Win32
		{3825745F-6980-40F4-9733-4D8200E8AC82}.Debug|x86.Build.0 = Debug|Win32
		{3825745F-6980-40F4-9733-4D8200E8AC82}.Release|x64.ActiveCfg = Release|x64
		{3825745F-6980-40F4-9733-4D8200E8AC82}.Release|x64.Build.0 = Release|x64
		{3825745F-6980-40F4-9733-4D8200E8AC82}.Release|x86.ActiveCfg = Release|Win32
		{3825745F-6980-40F4-9733-4D8200E8AC82}.Release|x86.Build.0 = Release|Win32
		{3BF19A3B-4343-49BC-A7AD-F15FD8EFFA24}.Debug|x64.ActiveCfg = Debug|x64
		{3BF19A3B-4343-49BC-A7AD-F15FD8EFFA24}.Debug|x64.Build.0 = Debug|x64
		{3BF19A3B-4343-49BC-A7AD-F15FD8EFFA24}.Debug|x86.ActiveCfg = Debug|Win32
		{3BF19A3B-4343-49BC-A7AD-F15FD8EFFA24}.Debug|x86.Build.0 = Debug|Win32
		{3BF19A3B-4343-49BC-A7AD-F15FD8EFFA24}.Release|x64.ActiveCfg = Release|x64
		{3BF19A3B-4343-49BC-A7AD-F15FD8EFFA24}.Release|x64.Build.0 = Release|x64
		{3BF19A3B-4343-49BC-A7AD-F15FD8EFFA24}.Release|x86.ActiveCfg = Release|Win32
		{3BF19A3B-4343-49BC-A7AD-F15FD8EFFA24}.Release|x86.Build.0 = Release|Win32
		{E8253FD0-5773-416F-8252-77A46C32AC62}.Debug|x64.ActiveCfg = Debug|x64
		{E8253FD0-5773-416F-8252-77A46C32AC62}.Debug|x64.Build.0 = Debug|x64
		{E8253FD0-5773-416F-8252-77A46C32AC62}.Debug|x86.ActiveCfg = Debug|Win32
		{E8253FD0-5773-416F-8252-77A46C32AC62}.Debug|x86.Build.0 = Debug|Win32
		{E8253FD0-5773-416F-8252-77A46C32AC62}.Release|x64.ActiveCfg = Release|x64
		{E8253FD0-5773-416F-8252-77A46C32AC62}.Release|x64.Build.0 = Release|x64
		{E8253FD0-5773-416F-8252-77A46C32AC62}.Release|x86.ActiveCfg = Release|Win32
		{E8253FD0-5773-416F-8252-77A46C32AC62}.Release|x86.Build.0 = Release|Win32
		{5578DD17-4ADB-4135-8EE0-6C55B78AE990}.Debug|x64.ActiveCfg = Debug|x64
		{5578DD17-4ADB-4135-8EE0-6C55B78AE990}.Debug|x64.Build.0 = Debug|x64
		{5578DD17-4ADB-4135-8EE0-6C55B78AE990}.Debug|x86.ActiveCfg = Debug|Win32
		{5578DD17-4ADB-4135-8EE0-6C55B78AE990}.Debug|x86.Build.0 = Debug|Win32
		{5578DD17-4ADB-4135-8EE0-6C55B78AE990}.Release|x64.ActiveCfg = Release|x64
		{5578DD17-4ADB-4135-8EE0-6C55B78AE990}.Release|x64.Build.0 = Release|x64
		{5578DD17-4ADB-4135-8EE0-6C55B78AE990}.Release|x86.ActiveCfg = Release|Win32
		{5578DD17-4ADB-4135-8EE0-6C55B78AE990}.Release|x86.Build.0 = Release|Win32
		{AF895F2F-9113-42BB-A176-F41C7DFB763A}.Debug|x64.ActiveCfg = Debug|x64
		{AF895F2F-9113-42BB-A176-F41C7DFB763A}.Debug|x64.Build.0 = Debug|x64
		{AF895F2F-9113-42BB-A176-F41C7DFB763A}.Debug|x86.ActiveCfg = Debug|Win32
		{AF895F2F-9113-42BB-A176-F41C7DFB763A}.Debug|x86.Build.0 = Debug|Win32
		{AF895F2F-9113-42BB-A176-F41C7DFB763A}.Release|x64.ActiveCfg = Release|x64
		{AF895F2F-9113-42BB-A176-F41C7DFB763A}.Release|x64.Build.0 = Release|x64
		{AF895F2F-9113-42BB-A176-F41C7DFB763A}.Release|x86.ActiveCfg = Release|Win32
		{AF895F2F-9113-42BB-A176-F41C7DFB763A}.Release|x86.Build.0 = Release|Win32
		{1C72EAD4-672C-4688-BD45-97929AEDBBB7}.Debug|x64.ActiveCfg = Debug|x64
		{1C72EAD4-672C-4688-BD45-97929AEDBBB7}.Debug|x64.Build.0 = Debug|x64
		{1C72EAD4-672C-4688-BD45-97929AEDBBB7}.Debug|x86.ActiveCfg = Debug|Win32
		{1C72EAD4-672C-4688-BD45-97929AEDBBB7}.Debug|x86.Build.0 = Debug|Win32
		{1C72EAD4-672C-4688-BD45-97929AEDBBB7}.Release|x64.ActiveCfg = Release|x64
		{1C72EAD4-672C-4688-BD45-97929AEDBBB7}.Release|x64.Build.0 = Release|x64
		{1C72EAD4-672C-4688-BD45-97929AEDBBB7}.Release|x86.ActiveCfg = Release|Win32
		{1C72EAD4-672C-4688-BD45-97929AEDBBB7}.Release|x86.Build.0 = Release|Win32
	EndGlobalSection
	GlobalSection(SolutionProperties) = preSolution
		HideSolutionNode = FALSE
	EndGlobalSection
	GlobalSection(ExtensibilityGlobals) = postSolution
		SolutionGuid = {4935204F-EB98-4163-AE5C-11A878C7815F}
	EndGlobalSection
EndGlobal
